// !$*UTF8*$!
{
	archiveVersion = 1;
	classes = {
	};
	objectVersion = 56;
	objects = {

/* Begin PBXBuildFile section */
		A00CBB6B2D1875E500C9F661 /* HorizontalPageFlowlayout.swift in Sources */ = {isa = PBXBuildFile; fileRef = A00CBB6A2D1875E500C9F661 /* HorizontalPageFlowlayout.swift */; };
		A0A7FF182D15176900DCD8FC /* AppDelegate.swift in Sources */ = {isa = PBXBuildFile; fileRef = A0A7FF0E2D15176900DCD8FC /* AppDelegate.swift */; };
		A0A7FF192D15176900DCD8FC /* SceneDelegate.swift in Sources */ = {isa = PBXBuildFile; fileRef = A0A7FF152D15176900DCD8FC /* SceneDelegate.swift */; };
		A0A7FF1A2D15176900DCD8FC /* ViewController.swift in Sources */ = {isa = PBXBuildFile; fileRef = A0A7FF162D15176900DCD8FC /* ViewController.swift */; };
		A0A7FF1B2D15176900DCD8FC /* Assets.xcassets in Resources */ = {isa = PBXBuildFile; fileRef = A0A7FF0F2D15176900DCD8FC /* Assets.xcassets */; };
		A0A7FF1D2D15176900DCD8FC /* LaunchScreen.storyboard in Resources */ = {isa = PBXBuildFile; fileRef = A0A7FF122D15176900DCD8FC /* LaunchScreen.storyboard */; };
		A0A7FF1E2D15176900DCD8FC /* Main.storyboard in Resources */ = {isa = PBXBuildFile; fileRef = A0A7FF142D15176900DCD8FC /* Main.storyboard */; };
		A0A7FF202D1526E300DCD8FC /* SliderCounterManager.swift in Sources */ = {isa = PBXBuildFile; fileRef = A0A7FF1F2D1526E200DCD8FC /* SliderCounterManager.swift */; };
		A0A7FF222D15294400DCD8FC /* ButtonViewController.swift in Sources */ = {isa = PBXBuildFile; fileRef = A0A7FF212D15294400DCD8FC /* ButtonViewController.swift */; };
		A0A7FF242D154CBC00DCD8FC /* Extension.swift in Sources */ = {isa = PBXBuildFile; fileRef = A0A7FF232D154CBB00DCD8FC /* Extension.swift */; };
		A0A7FF262D15516E00DCD8FC /* StepControlView.swift in Sources */ = {isa = PBXBuildFile; fileRef = A0A7FF252D15516D00DCD8FC /* StepControlView.swift */; };
		BA6D96FD5003A2D5BF4884E3 /* Pods_SliderCounterManagerDemo.framework in Frameworks */ = {isa = PBXBuildFile; fileRef = F8EFBFA6B89D22DA55C48D4C /* Pods_SliderCounterManagerDemo.framework */; };
/* End PBXBuildFile section */

/* Begin PBXFileReference section */
		A00CBB6A2D1875E500C9F661 /* HorizontalPageFlowlayout.swift */ = {isa = PBXFileReference; lastKnownFileType = sourcecode.swift; path = HorizontalPageFlowlayout.swift; sourceTree = "<group>"; };
		A0A7FEF62D15175600DCD8FC /* SliderCounterManagerDemo.app */ = {isa = PBXFileReference; explicitFileType = wrapper.application; includeInIndex = 0; path = SliderCounterManagerDemo.app; sourceTree = BUILT_PRODUCTS_DIR; };
		A0A7FF0E2D15176900DCD8FC /* AppDelegate.swift */ = {isa = PBXFileReference; lastKnownFileType = sourcecode.swift; path = AppDelegate.swift; sourceTree = "<group>"; };
		A0A7FF0F2D15176900DCD8FC /* Assets.xcassets */ = {isa = PBXFileReference; lastKnownFileType = folder.assetcatalog; path = Assets.xcassets; sourceTree = "<group>"; };
		A0A7FF102D15176900DCD8FC /* Info.plist */ = {isa = PBXFileReference; lastKnownFileType = text.plist.xml; path = Info.plist; sourceTree = "<group>"; };
		A0A7FF112D15176900DCD8FC /* Base */ = {isa = PBXFileReference; lastKnownFileType = file.storyboard; name = Base; path = Base.lproj/LaunchScreen.storyboard; sourceTree = "<group>"; };
		A0A7FF132D15176900DCD8FC /* Base */ = {isa = PBXFileReference; lastKnownFileType = file.storyboard; name = Base; path = Base.lproj/Main.storyboard; sourceTree = "<group>"; };
		A0A7FF152D15176900DCD8FC /* SceneDelegate.swift */ = {isa = PBXFileReference; lastKnownFileType = sourcecode.swift; path = SceneDelegate.swift; sourceTree = "<group>"; };
		A0A7FF162D15176900DCD8FC /* ViewController.swift */ = {isa = PBXFileReference; lastKnownFileType = sourcecode.swift; path = ViewController.swift; sourceTree = "<group>"; };
		A0A7FF1F2D1526E200DCD8FC /* SliderCounterManager.swift */ = {isa = PBXFileReference; lastKnownFileType = sourcecode.swift; path = SliderCounterManager.swift; sourceTree = "<group>"; };
		A0A7FF212D15294400DCD8FC /* ButtonViewController.swift */ = {isa = PBXFileReference; lastKnownFileType = sourcecode.swift; path = ButtonViewController.swift; sourceTree = "<group>"; };
		A0A7FF232D154CBB00DCD8FC /* Extension.swift */ = {isa = PBXFileReference; lastKnownFileType = sourcecode.swift; path = Extension.swift; sourceTree = "<group>"; };
		A0A7FF252D15516D00DCD8FC /* StepControlView.swift */ = {isa = PBXFileReference; lastKnownFileType = sourcecode.swift; path = StepControlView.swift; sourceTree = "<group>"; };
		CC4F7F6B14143B85DB702AB9 /* Pods-SliderCounterManagerDemo.release.xcconfig */ = {isa = PBXFileReference; includeInIndex = 1; lastKnownFileType = text.xcconfig; name = "Pods-SliderCounterManagerDemo.release.xcconfig"; path = "Target Support Files/Pods-SliderCounterManagerDemo/Pods-SliderCounterManagerDemo.release.xcconfig"; sourceTree = "<group>"; };
		F67F37CB9FB702A23BDCD4DD /* Pods-SliderCounterManagerDemo.debug.xcconfig */ = {isa = PBXFileReference; includeInIndex = 1; lastKnownFileType = text.xcconfig; name = "Pods-SliderCounterManagerDemo.debug.xcconfig"; path = "Target Support Files/Pods-SliderCounterManagerDemo/Pods-SliderCounterManagerDemo.debug.xcconfig"; sourceTree = "<group>"; };
		F8EFBFA6B89D22DA55C48D4C /* Pods_SliderCounterManagerDemo.framework */ = {isa = PBXFileReference; explicitFileType = wrapper.framework; includeInIndex = 0; path = Pods_SliderCounterManagerDemo.framework; sourceTree = BUILT_PRODUCTS_DIR; };
/* End PBXFileReference section */

/* Begin PBXFrameworksBuildPhase section */
		A0A7FEF32D15175600DCD8FC /* Frameworks */ = {
			isa = PBXFrameworksBuildPhase;
			buildActionMask = 2147483647;
			files = (
				BA6D96FD5003A2D5BF4884E3 /* Pods_SliderCounterManagerDemo.framework in Frameworks */,
			);
			runOnlyForDeploymentPostprocessing = 0;
		};
/* End PBXFrameworksBuildPhase section */

/* Begin PBXGroup section */
		5C499BFBFC591B62E025C0B8 /* Pods */ = {
			isa = PBXGroup;
			children = (
				F67F37CB9FB702A23BDCD4DD /* Pods-SliderCounterManagerDemo.debug.xcconfig */,
				CC4F7F6B14143B85DB702AB9 /* Pods-SliderCounterManagerDemo.release.xcconfig */,
			);
			path = Pods;
			sourceTree = "<group>";
		};
		8CB260052A41228F015A8A8A /* Frameworks */ = {
			isa = PBXGroup;
			children = (
				F8EFBFA6B89D22DA55C48D4C /* Pods_SliderCounterManagerDemo.framework */,
			);
			name = Frameworks;
			sourceTree = "<group>";
		};
		A0A7FEED2D15175600DCD8FC = {
			isa = PBXGroup;
			children = (
				A0A7FF172D15176900DCD8FC /* SliderCounterManagerDemo */,
				A0A7FEF72D15175600DCD8FC /* Products */,
				5C499BFBFC591B62E025C0B8 /* Pods */,
				8CB260052A41228F015A8A8A /* Frameworks */,
			);
			sourceTree = "<group>";
		};
		A0A7FEF72D15175600DCD8FC /* Products */ = {
			isa = PBXGroup;
			children = (
				A0A7FEF62D15175600DCD8FC /* SliderCounterManagerDemo.app */,
			);
			name = Products;
			sourceTree = "<group>";
		};
		A0A7FF172D15176900DCD8FC /* SliderCounterManagerDemo */ = {
			isa = PBXGroup;
			children = (
				A0A7FF232D154CBB00DCD8FC /* Extension.swift */,
				A00CBB6A2D1875E500C9F661 /* HorizontalPageFlowlayout.swift */,
				A0A7FF212D15294400DCD8FC /* ButtonViewController.swift */,
				A0A7FF162D15176900DCD8FC /* ViewController.swift */,
				A0A7FF1F2D1526E200DCD8FC /* SliderCounterManager.swift */,
				A0A7FF252D15516D00DCD8FC /* StepControlView.swift */,
				A0A7FF0E2D15176900DCD8FC /* AppDelegate.swift */,
				A0A7FF0F2D15176900DCD8FC /* Assets.xcassets */,
				A0A7FF102D15176900DCD8FC /* Info.plist */,
				A0A7FF122D15176900DCD8FC /* LaunchScreen.storyboard */,
				A0A7FF142D15176900DCD8FC /* Main.storyboard */,
				A0A7FF152D15176900DCD8FC /* SceneDelegate.swift */,
			);
			path = SliderCounterManagerDemo;
			sourceTree = "<group>";
		};
/* End PBXGroup section */

/* Begin PBXNativeTarget section */
		A0A7FEF52D15175600DCD8FC /* SliderCounterManagerDemo */ = {
			isa = PBXNativeTarget;
			buildConfigurationList = A0A7FF092D15175700DCD8FC /* Build configuration list for PBXNativeTarget "SliderCounterManagerDemo" */;
			buildPhases = (
				9C074F7D6A7E903F5F1E5AFF /* [CP] Check Pods Manifest.lock */,
				A0A7FEF22D15175600DCD8FC /* Sources */,
				A0A7FEF32D15175600DCD8FC /* Frameworks */,
				A0A7FEF42D15175600DCD8FC /* Resources */,
				8FA4FF74F1570C9C4168E541 /* [CP] Embed Pods Frameworks */,
			);
			buildRules = (
			);
			dependencies = (
			);
			name = SliderCounterManagerDemo;
			productName = SliderCounterManagerDemo;
			productReference = A0A7FEF62D15175600DCD8FC /* SliderCounterManagerDemo.app */;
			productType = "com.apple.product-type.application";
		};
/* End PBXNativeTarget section */

/* Begin PBXProject section */
		A0A7FEEE2D15175600DCD8FC /* Project object */ = {
			isa = PBXProject;
			attributes = {
				BuildIndependentTargetsInParallel = 1;
				LastSwiftUpdateCheck = 1600;
				LastUpgradeCheck = 1600;
				TargetAttributes = {
					A0A7FEF52D15175600DCD8FC = {
						CreatedOnToolsVersion = 16.0;
					};
				};
			};
			buildConfigurationList = A0A7FEF12D15175600DCD8FC /* Build configuration list for PBXProject "SliderCounterManagerDemo" */;
			compatibilityVersion = "Xcode 14.0";
			developmentRegion = en;
			hasScannedForEncodings = 0;
			knownRegions = (
				en,
				Base,
			);
			mainGroup = A0A7FEED2D15175600DCD8FC;
			productRefGroup = A0A7FEF72D15175600DCD8FC /* Products */;
			projectDirPath = "";
			projectRoot = "";
			targets = (
				A0A7FEF52D15175600DCD8FC /* SliderCounterManagerDemo */,
			);
		};
/* End PBXProject section */

/* Begin PBXResourcesBuildPhase section */
		A0A7FEF42D15175600DCD8FC /* Resources */ = {
			isa = PBXResourcesBuildPhase;
			buildActionMask = 2147483647;
			files = (
				A0A7FF1B2D15176900DCD8FC /* Assets.xcassets in Resources */,
				A0A7FF1D2D15176900DCD8FC /* LaunchScreen.storyboard in Resources */,
				A0A7FF1E2D15176900DCD8FC /* Main.storyboard in Resources */,
			);
			runOnlyForDeploymentPostprocessing = 0;
		};
/* End PBXResourcesBuildPhase section */

/* Begin PBXShellScriptBuildPhase section */
		8FA4FF74F1570C9C4168E541 /* [CP] Embed Pods Frameworks */ = {
			isa = PBXShellScriptBuildPhase;
			buildActionMask = 2147483647;
			files = (
			);
			inputFileListPaths = (
				"${PODS_ROOT}/Target Support Files/Pods-SliderCounterManagerDemo/Pods-SliderCounterManagerDemo-frameworks-${CONFIGURATION}-input-files.xcfilelist",
			);
			name = "[CP] Embed Pods Frameworks";
			outputFileListPaths = (
				"${PODS_ROOT}/Target Support Files/Pods-SliderCounterManagerDemo/Pods-SliderCounterManagerDemo-frameworks-${CONFIGURATION}-output-files.xcfilelist",
			);
			runOnlyForDeploymentPostprocessing = 0;
			shellPath = /bin/sh;
			shellScript = "\"${PODS_ROOT}/Target Support Files/Pods-SliderCounterManagerDemo/Pods-SliderCounterManagerDemo-frameworks.sh\"\n";
			showEnvVarsInLog = 0;
		};
		9C074F7D6A7E903F5F1E5AFF /* [CP] Check Pods Manifest.lock */ = {
			isa = PBXShellScriptBuildPhase;
			buildActionMask = 2147483647;
			files = (
			);
			inputFileListPaths = (
			);
			inputPaths = (
				"${PODS_PODFILE_DIR_PATH}/Podfile.lock",
				"${PODS_ROOT}/Manifest.lock",
			);
			name = "[CP] Check Pods Manifest.lock";
			outputFileListPaths = (
			);
			outputPaths = (
				"$(DERIVED_FILE_DIR)/Pods-SliderCounterManagerDemo-checkManifestLockResult.txt",
			);
			runOnlyForDeploymentPostprocessing = 0;
			shellPath = /bin/sh;
			shellScript = "diff \"${PODS_PODFILE_DIR_PATH}/Podfile.lock\" \"${PODS_ROOT}/Manifest.lock\" > /dev/null\nif [ $? != 0 ] ; then\n    # print error to STDERR\n    echo \"error: The sandbox is not in sync with the Podfile.lock. Run 'pod install' or update your CocoaPods installation.\" >&2\n    exit 1\nfi\n# This output is used by Xcode 'outputs' to avoid re-running this script phase.\necho \"SUCCESS\" > \"${SCRIPT_OUTPUT_FILE_0}\"\n";
			showEnvVarsInLog = 0;
		};
/* End PBXShellScriptBuildPhase section */

/* Begin PBXSourcesBuildPhase section */
		A0A7FEF22D15175600DCD8FC /* Sources */ = {
			isa = PBXSourcesBuildPhase;
			buildActionMask = 2147483647;
			files = (
				A0A7FF242D154CBC00DCD8FC /* Extension.swift in Sources */,
				A0A7FF182D15176900DCD8FC /* AppDelegate.swift in Sources */,
				A0A7FF262D15516E00DCD8FC /* StepControlView.swift in Sources */,
				A0A7FF192D15176900DCD8FC /* SceneDelegate.swift in Sources */,
				A0A7FF202D1526E300DCD8FC /* SliderCounterManager.swift in Sources */,
				A0A7FF222D15294400DCD8FC /* ButtonViewController.swift in Sources */,
				A00CBB6B2D1875E500C9F661 /* HorizontalPageFlowlayout.swift in Sources */,
				A0A7FF1A2D15176900DCD8FC /* ViewController.swift in Sources */,
			);
			runOnlyForDeploymentPostprocessing = 0;
		};
/* End PBXSourcesBuildPhase section */

/* Begin PBXVariantGroup section */
		A0A7FF122D15176900DCD8FC /* LaunchScreen.storyboard */ = {
			isa = PBXVariantGroup;
			children = (
				A0A7FF112D15176900DCD8FC /* Base */,
			);
			name = LaunchScreen.storyboard;
			sourceTree = "<group>";
		};
		A0A7FF142D15176900DCD8FC /* Main.storyboard */ = {
			isa = PBXVariantGroup;
			children = (
				A0A7FF132D15176900DCD8FC /* Base */,
			);
			name = Main.storyboard;
			sourceTree = "<group>";
		};
/* End PBXVariantGroup section */

/* Begin XCBuildConfiguration section */
		A0A7FF0A2D15175700DCD8FC /* Debug */ = {
			isa = XCBuildConfiguration;
			baseConfigurationReference = F67F37CB9FB702A23BDCD4DD /* Pods-SliderCounterManagerDemo.debug.xcconfig */;
			buildSettings = {
				ASSETCATALOG_COMPILER_APPICON_NAME = AppIcon;
				ASSETCATALOG_COMPILER_GLOBAL_ACCENT_COLOR_NAME = AccentColor;
				CODE_SIGN_STYLE = Automatic;
				CURRENT_PROJECT_VERSION = 1;
				DEVELOPMENT_TEAM = YEAF8YMCJ6;
				GENERATE_INFOPLIST_FILE = YES;
				INFOPLIST_FILE = SliderCounterManagerDemo/Info.plist;
				INFOPLIST_KEY_UIApplicationSupportsIndirectInputEvents = YES;
				INFOPLIST_KEY_UILaunchStoryboardName = LaunchScreen;
				INFOPLIST_KEY_UIMainStoryboardFile = Main;
				INFOPLIST_KEY_UISupportedInterfaceOrientations_iPad = "UIInterfaceOrientationPortrait UIInterfaceOrientationPortraitUpsideDown UIInterfaceOrientationLandscapeLeft UIInterfaceOrientationLandscapeRight";
				INFOPLIST_KEY_UISupportedInterfaceOrientations_iPhone = "UIInterfaceOrientationPortrait UIInterfaceOrientationLandscapeLeft UIInterfaceOrientationLandscapeRight";
				IPHONEOS_DEPLOYMENT_TARGET = 17.0;
				LD_RUNPATH_SEARCH_PATHS = (
					"$(inherited)",
					"@executable_path/Frameworks",
				);
				MARKETING_VERSION = 1.0;
				PRODUCT_BUNDLE_IDENTIFIER = com.fyqx.www.SliderCounterManagerDemo;
				PRODUCT_NAME = "$(TARGET_NAME)";
				SWIFT_EMIT_LOC_STRINGS = YES;
				SWIFT_VERSION = 5.0;
				TARGETED_DEVICE_FAMILY = "1,2";
			};
			name = Debug;
		};
		A0A7FF0B2D15175700DCD8FC /* Release */ = {
			isa = XCBuildConfiguration;
			baseConfigurationReference = CC4F7F6B14143B85DB702AB9 /* Pods-SliderCounterManagerDemo.release.xcconfig */;
			buildSettings = {
				ASSETCATALOG_COMPILER_APPICON_NAME = AppIcon;
				ASSETCATALOG_COMPILER_GLOBAL_ACCENT_COLOR_NAME = AccentColor;
				CODE_SIGN_STYLE = Automatic;
				CURRENT_PROJECT_VERSION = 1;
				DEVELOPMENT_TEAM = YEAF8YMCJ6;
				GENERATE_INFOPLIST_FILE = YES;
				INFOPLIST_FILE = SliderCounterManagerDemo/Info.plist;
				INFOPLIST_KEY_UIApplicationSupportsIndirectInputEvents = YES;
				INFOPLIST_KEY_UILaunchStoryboardName = LaunchScreen;
				INFOPLIST_KEY_UIMainStoryboardFile = Main;
				INFOPLIST_KEY_UISupportedInterfaceOrientations_iPad = "UIInterfaceOrientationPortrait UIInterfaceOrientationPortraitUpsideDown UIInterfaceOrientationLandscapeLeft UIInterfaceOrientationLandscapeRight";
				INFOPLIST_KEY_UISupportedInterfaceOrientations_iPhone = "UIInterfaceOrientationPortrait UIInterfaceOrientationLandscapeLeft UIInterfaceOrientationLandscapeRight";
				IPHONEOS_DEPLOYMENT_TARGET = 17.0;
				LD_RUNPATH_SEARCH_PATHS = (
					"$(inherited)",
					"@executable_path/Frameworks",
				);
				MARKETING_VERSION = 1.0;
				PRODUCT_BUNDLE_IDENTIFIER = com.fyqx.www.SliderCounterManagerDemo;
				PRODUCT_NAME = "$(TARGET_NAME)";
				SWIFT_EMIT_LOC_STRINGS = YES;
				SWIFT_VERSION = 5.0;
				TARGETED_DEVICE_FAMILY = "1,2";
			};
			name = Release;
		};
		A0A7FF0C2D15175700DCD8FC /* Debug */ = {
			isa = XCBuildConfiguration;
			buildSettings = {
				ALWAYS_SEARCH_USER_PATHS = NO;
				ASSETCATALOG_COMPILER_GENERATE_SWIFT_ASSET_SYMBOL_EXTENSIONS = YES;
				CLANG_ANALYZER_NONNULL = YES;
				CLANG_ANALYZER_NUMBER_OBJECT_CONVERSION = YES_AGGRESSIVE;
				CLANG_CXX_LANGUAGE_STANDARD = "gnu++20";
				CLANG_ENABLE_MODULES = YES;
				CLANG_ENABLE_OBJC_ARC = YES;
				CLANG_ENABLE_OBJC_WEAK = YES;
				CLANG_WARN_BLOCK_CAPTURE_AUTORELEASING = YES;
				CLANG_WARN_BOOL_CONVERSION = YES;
				CLANG_WARN_COMMA = YES;
				CLANG_WARN_CONSTANT_CONVERSION = YES;
				CLANG_WARN_DEPRECATED_OBJC_IMPLEMENTATIONS = YES;
				CLANG_WARN_DIRECT_OBJC_ISA_USAGE = YES_ERROR;
				CLANG_WARN_DOCUMENTATION_COMMENTS = YES;
				CLANG_WARN_EMPTY_BODY = YES;
				CLANG_WARN_ENUM_CONVERSION = YES;
				CLANG_WARN_INFINITE_RECURSION = YES;
				CLANG_WARN_INT_CONVERSION = YES;
				CLANG_WARN_NON_LITERAL_NULL_CONVERSION = YES;
				CLANG_WARN_OBJC_IMPLICIT_RETAIN_SELF = YES;
				CLANG_WARN_OBJC_LITERAL_CONVERSION = YES;
				CLANG_WARN_OBJC_ROOT_CLASS = YES_ERROR;
				CLANG_WARN_QUOTED_INCLUDE_IN_FRAMEWORK_HEADER = YES;
				CLANG_WARN_RANGE_LOOP_ANALYSIS = YES;
				CLANG_WARN_STRICT_PROTOTYPES = YES;
				CLANG_WARN_SUSPICIOUS_MOVE = YES;
				CLANG_WARN_UNGUARDED_AVAILABILITY = YES_AGGRESSIVE;
				CLANG_WARN_UNREACHABLE_CODE = YES;
				CLANG_WARN__DUPLICATE_METHOD_MATCH = YES;
				COPY_PHASE_STRIP = NO;
				DEBUG_INFORMATION_FORMAT = dwarf;
				ENABLE_APP_SANDBOX = NO;
				ENABLE_STRICT_OBJC_MSGSEND = YES;
				ENABLE_TESTABILITY = YES;
				ENABLE_USER_SCRIPT_SANDBOXING = NO;
				GCC_C_LANGUAGE_STANDARD = gnu17;
				GCC_DYNAMIC_NO_PIC = NO;
				GCC_NO_COMMON_BLOCKS = YES;
				GCC_OPTIMIZATION_LEVEL = 0;
				GCC_PREPROCESSOR_DEFINITIONS = (
					"DEBUG=1",
					"$(inherited)",
				);
				GCC_WARN_64_TO_32_BIT_CONVERSION = YES;
				GCC_WARN_ABOUT_RETURN_TYPE = YES_ERROR;
				GCC_WARN_UNDECLARED_SELECTOR = YES;
				GCC_WARN_UNINITIALIZED_AUTOS = YES_AGGRESSIVE;
				GCC_WARN_UNUSED_FUNCTION = YES;
				GCC_WARN_UNUSED_VARIABLE = YES;
				IPHONEOS_DEPLOYMENT_TARGET = 18.0;
				LOCALIZATION_PREFERS_STRING_CATALOGS = YES;
				MTL_ENABLE_DEBUG_INFO = INCLUDE_SOURCE;
				MTL_FAST_MATH = YES;
				ONLY_ACTIVE_ARCH = YES;
				SDKROOT = iphoneos;
				SWIFT_ACTIVE_COMPILATION_CONDITIONS = "DEBUG $(inherited)";
				SWIFT_OPTIMIZATION_LEVEL = "-Onone";
			};
			name = Debug;
		};
		A0A7FF0D2D15175700DCD8FC /* Release */ = {
			isa = XCBuildConfiguration;
			buildSettings = {
				ALWAYS_SEARCH_USER_PATHS = NO;
				ASSETCATALOG_COMPILER_GENERATE_SWIFT_ASSET_SYMBOL_EXTENSIONS = YES;
				CLANG_ANALYZER_NONNULL = YES;
				CLANG_ANALYZER_NUMBER_OBJECT_CONVERSION = YES_AGGRESSIVE;
				CLANG_CXX_LANGUAGE_STANDARD = "gnu++20";
				CLANG_ENABLE_MODULES = YES;
				CLANG_ENABLE_OBJC_ARC = YES;
				CLANG_ENABLE_OBJC_WEAK = YES;
				CLANG_WARN_BLOCK_CAPTURE_AUTORELEASING = YES;
				CLANG_WARN_BOOL_CONVERSION = YES;
				CLANG_WARN_COMMA = YES;
				CLANG_WARN_CONSTANT_CONVERSION = YES;
				CLANG_WARN_DEPRECATED_OBJC_IMPLEMENTATIONS = YES;
				CLANG_WARN_DIRECT_OBJC_ISA_USAGE = YES_ERROR;
				CLANG_WARN_DOCUMENTATION_COMMENTS = YES;
				CLANG_WARN_EMPTY_BODY = YES;
				CLANG_WARN_ENUM_CONVERSION = YES;
				CLANG_WARN_INFINITE_RECURSION = YES;
				CLANG_WARN_INT_CONVERSION = YES;
				CLANG_WARN_NON_LITERAL_NULL_CONVERSION = YES;
				CLANG_WARN_OBJC_IMPLICIT_RETAIN_SELF = YES;
				CLANG_WARN_OBJC_LITERAL_CONVERSION = YES;
				CLANG_WARN_OBJC_ROOT_CLASS = YES_ERROR;
				CLANG_WARN_QUOTED_INCLUDE_IN_FRAMEWORK_HEADER = YES;
				CLANG_WARN_RANGE_LOOP_ANALYSIS = YES;
				CLANG_WARN_STRICT_PROTOTYPES = YES;
				CLANG_WARN_SUSPICIOUS_MOVE = YES;
				CLANG_WARN_UNGUARDED_AVAILABILITY = YES_AGGRESSIVE;
				CLANG_WARN_UNREACHABLE_CODE = YES;
				CLANG_WARN__DUPLICATE_METHOD_MATCH = YES;
				COPY_PHASE_STRIP = NO;
				DEBUG_INFORMATION_FORMAT = "dwarf-with-dsym";
				ENABLE_APP_SANDBOX = NO;
				ENABLE_NS_ASSERTIONS = NO;
				ENABLE_STRICT_OBJC_MSGSEND = YES;
				ENABLE_USER_SCRIPT_SANDBOXING = NO;
				GCC_C_LANGUAGE_STANDARD = gnu17;
				GCC_NO_COMMON_BLOCKS = YES;
				GCC_WARN_64_TO_32_BIT_CONVERSION = YES;
				GCC_WARN_ABOUT_RETURN_TYPE = YES_ERROR;
				GCC_WARN_UNDECLARED_SELECTOR = YES;
				GCC_WARN_UNINITIALIZED_AUTOS = YES_AGGRESSIVE;
				GCC_WARN_UNUSED_FUNCTION = YES;
				GCC_WARN_UNUSED_VARIABLE = YES;
				IPHONEOS_DEPLOYMENT_TARGET = 18.0;
				LOCALIZATION_PREFERS_STRING_CATALOGS = YES;
				MTL_ENABLE_DEBUG_INFO = NO;
				MTL_FAST_MATH = YES;
				SDKROOT = iphoneos;
				SWIFT_COMPILATION_MODE = wholemodule;
				VALIDATE_PRODUCT = YES;
			};
			name = Release;
		};
/* End XCBuildConfiguration section */

/* Begin XCConfigurationList section */
		A0A7FEF12D15175600DCD8FC /* Build configuration list for PBXProject "SliderCounterManagerDemo" */ = {
			isa = XCConfigurationList;
			buildConfigurations = (
				A0A7FF0C2D15175700DCD8FC /* Debug */,
				A0A7FF0D2D15175700DCD8FC /* Release */,
			);
			defaultConfigurationIsVisible = 0;
			defaultConfigurationName = Release;
		};
		A0A7FF092D15175700DCD8FC /* Build configuration list for PBXNativeTarget "SliderCounterManagerDemo" */ = {
			isa = XCConfigurationList;
			buildConfigurations = (
				A0A7FF0A2D15175700DCD8FC /* Debug */,
				A0A7FF0B2D15175700DCD8FC /* Release */,
			);
			defaultConfigurationIsVisible = 0;
			defaultConfigurationName = Release;
		};
/* End XCConfigurationList section */
	};
	rootObject = A0A7FEEE2D15175600DCD8FC /* Project object */;
}
